// !$*UTF8*$!
{
	archiveVersion = 1;
	classes = {
	};
	objectVersion = 46;
	objects = {

/* Begin PBXBuildFile section */
		790077CD1C28221700596D5F /* main.m in Sources */ = {isa = PBXBuildFile; fileRef = 790077CC1C28221700596D5F /* main.m */; };
		790077D01C28221700596D5F /* AppDelegate.m in Sources */ = {isa = PBXBuildFile; fileRef = 790077CF1C28221700596D5F /* AppDelegate.m */; };
		790077D21C28221700596D5F /* Images.xcassets in Resources */ = {isa = PBXBuildFile; fileRef = 790077D11C28221700596D5F /* Images.xcassets */; };
		790077D51C28221700596D5F /* LaunchScreen.xib in Resources */ = {isa = PBXBuildFile; fileRef = 790077D31C28221700596D5F /* LaunchScreen.xib */; };
		790077E11C28221700596D5F /* scscsTests.m in Sources */ = {isa = PBXBuildFile; fileRef = 790077E01C28221700596D5F /* scscsTests.m */; };
/* End PBXBuildFile section */

/* Begin PBXContainerItemProxy section */
		790077DB1C28221700596D5F /* PBXContainerItemProxy */ = {
			isa = PBXContainerItemProxy;
			containerPortal = 790077BF1C28221700596D5F /* Project object */;
			proxyType = 1;
			remoteGlobalIDString = 790077C61C28221700596D5F;
			remoteInfo = scscs;
		};
/* End PBXContainerItemProxy section */

/* Begin PBXFileReference section */
		790077C71C28221700596D5F /* scscs.app */ = {isa = PBXFileReference; explicitFileType = wrapper.application; includeInIndex = 0; path = scscs.app; sourceTree = BUILT_PRODUCTS_DIR; };
		790077CB1C28221700596D5F /* Info.plist */ = {isa = PBXFileReference; lastKnownFileType = text.plist.xml; path = Info.plist; sourceTree = "<group>"; };
		790077CC1C28221700596D5F /* main.m */ = {isa = PBXFileReference; lastKnownFileType = sourcecode.c.objc; path = main.m; sourceTree = "<group>"; };
		790077CE1C28221700596D5F /* AppDelegate.h */ = {isa = PBXFileReference; lastKnownFileType = sourcecode.c.h; path = AppDelegate.h; sourceTree = "<group>"; };
		790077CF1C28221700596D5F /* AppDelegate.m */ = {isa = PBXFileReference; lastKnownFileType = sourcecode.c.objc; path = AppDelegate.m; sourceTree = "<group>"; };
		790077D11C28221700596D5F /* Images.xcassets */ = {isa = PBXFileReference; lastKnownFileType = folder.assetcatalog; path = Images.xcassets; sourceTree = "<group>"; };
		790077D41C28221700596D5F /* Base */ = {isa = PBXFileReference; lastKnownFileType = file.xib; name = Base; path = Base.lproj/LaunchScreen.xib; sourceTree = "<group>"; };
		790077DA1C28221700596D5F /* scscsTests.xctest */ = {isa = PBXFileReference; explicitFileType = wrapper.cfbundle; includeInIndex = 0; path = scscsTests.xctest; sourceTree = BUILT_PRODUCTS_DIR; };
		790077DF1C28221700596D5F /* Info.plist */ = {isa = PBXFileReference; lastKnownFileType = text.plist.xml; path = Info.plist; sourceTree = "<group>"; };
		790077E01C28221700596D5F /* scscsTests.m */ = {isa = PBXFileReference; lastKnownFileType = sourcecode.c.objc; path = scscsTests.m; sourceTree = "<group>"; };
/* End PBXFileReference section */

/* Begin PBXFrameworksBuildPhase section */
		790077C41C28221700596D5F /* Frameworks */ = {
			isa = PBXFrameworksBuildPhase;
			buildActionMask = 2147483647;
			files = (
			);
			runOnlyForDeploymentPostprocessing = 0;
		};
		790077D71C28221700596D5F /* Frameworks */ = {
			isa = PBXFrameworksBuildPhase;
			buildActionMask = 2147483647;
			files = (
			);
			runOnlyForDeploymentPostprocessing = 0;
		};
/* End PBXFrameworksBuildPhase section */

/* Begin PBXGroup section */
		790077BE1C28221700596D5F = {
			isa = PBXGroup;
			children = (
				790077C91C28221700596D5F /* scscs */,
				790077DD1C28221700596D5F /* scscsTests */,
				790077C81C28221700596D5F /* Products */,
			);
			sourceTree = "<group>";
		};
		790077C81C28221700596D5F /* Products */ = {
			isa = PBXGroup;
			children = (
				790077C71C28221700596D5F /* scscs.app */,
				790077DA1C28221700596D5F /* scscsTests.xctest */,
			);
			name = Products;
			sourceTree = "<group>";
		};
		790077C91C28221700596D5F /* scscs */ = {
			isa = PBXGroup;
			children = (
				790077CE1C28221700596D5F /* AppDelegate.h */,
				790077CF1C28221700596D5F /* AppDelegate.m */,
				790077D11C28221700596D5F /* Images.xcassets */,
				790077D31C28221700596D5F /* LaunchScreen.xib */,
				790077CA1C28221700596D5F /* Supporting Files */,
			);
			path = scscs;
			sourceTree = "<group>";
		};
		790077CA1C28221700596D5F /* Supporting Files */ = {
			isa = PBXGroup;
			children = (
				790077CB1C28221700596D5F /* Info.plist */,
				790077CC1C28221700596D5F /* main.m */,
			);
			name = "Supporting Files";
			sourceTree = "<group>";
		};
		790077DD1C28221700596D5F /* scscsTests */ = {
			isa = PBXGroup;
			children = (
				790077E01C28221700596D5F /* scscsTests.m */,
				790077DE1C28221700596D5F /* Supporting Files */,
			);
			path = scscsTests;
			sourceTree = "<group>";
		};
		790077DE1C28221700596D5F /* Supporting Files */ = {
			isa = PBXGroup;
			children = (
				790077DF1C28221700596D5F /* Info.plist */,
			);
			name = "Supporting Files";
			sourceTree = "<group>";
		};
/* End PBXGroup section */

/* Begin PBXNativeTarget section */
		790077C61C28221700596D5F /* scscs */ = {
			isa = PBXNativeTarget;
			buildConfigurationList = 790077E41C28221700596D5F /* Build configuration list for PBXNativeTarget "scscs" */;
			buildPhases = (
				790077C31C28221700596D5F /* Sources */,
				790077C41C28221700596D5F /* Frameworks */,
				790077C51C28221700596D5F /* Resources */,
			);
			buildRules = (
			);
			dependencies = (
			);
			name = scscs;
			productName = scscs;
			productReference = 790077C71C28221700596D5F /* scscs.app */;
			productType = "com.apple.product-type.application";
		};
		790077D91C28221700596D5F /* scscsTests */ = {
			isa = PBXNativeTarget;
			buildConfigurationList = 790077E71C28221700596D5F /* Build configuration list for PBXNativeTarget "scscsTests" */;
			buildPhases = (
				790077D61C28221700596D5F /* Sources */,
				790077D71C28221700596D5F /* Frameworks */,
				790077D81C28221700596D5F /* Resources */,
			);
			buildRules = (
			);
			dependencies = (
				790077DC1C28221700596D5F /* PBXTargetDependency */,
			);
			name = scscsTests;
			productName = scscsTests;
			productReference = 790077DA1C28221700596D5F /* scscsTests.xctest */;
			productType = "com.apple.product-type.bundle.unit-test";
		};
/* End PBXNativeTarget section */

/* Begin PBXProject section */
		790077BF1C28221700596D5F /* Project object */ = {
			isa = PBXProject;
			attributes = {
				LastUpgradeCheck = 0630;
				ORGANIZATIONNAME = "李俊";
				TargetAttributes = {
					790077C61C28221700596D5F = {
						CreatedOnToolsVersion = 6.3.2;
					};
					790077D91C28221700596D5F = {
						CreatedOnToolsVersion = 6.3.2;
						TestTargetID = 790077C61C28221700596D5F;
					};
				};
			};
			buildConfigurationList = 790077C21C28221700596D5F /* Build configuration list for PBXProject "scscs" */;
			compatibilityVersion = "Xcode 3.2";
			developmentRegion = English;
			hasScannedForEncodings = 0;
			knownRegions = (
				en,
				Base,
			);
			mainGroup = 790077BE1C28221700596D5F;
			productRefGroup = 790077C81C28221700596D5F /* Products */;
			projectDirPath = "";
			projectRoot = "";
			targets = (
				790077C61C28221700596D5F /* scscs */,
				790077D91C28221700596D5F /* scscsTests */,
			);
		};
/* End PBXProject section */

/* Begin PBXResourcesBuildPhase section */
		790077C51C28221700596D5F /* Resources */ = {
			isa = PBXResourcesBuildPhase;
			buildActionMask = 2147483647;
			files = (
				790077D51C28221700596D5F /* LaunchScreen.xib in Resources */,
				790077D21C28221700596D5F /* Images.xcassets in Resources */,
			);
			runOnlyForDeploymentPostprocessing = 0;
		};
		790077D81C28221700596D5F /* Resources */ = {
			isa = PBXResourcesBuildPhase;
			buildActionMask = 2147483647;
			files = (
			);
			runOnlyForDeploymentPostprocessing = 0;
		};
/* End PBXResourcesBuildPhase section */

/* Begin PBXSourcesBuildPhase section */
		790077C31C28221700596D5F /* Sources */ = {
			isa = PBXSourcesBuildPhase;
			buildActionMask = 2147483647;
			files = (
				790077D01C28221700596D5F /* AppDelegate.m in Sources */,
				790077CD1C28221700596D5F /* main.m in Sources */,
			);
			runOnlyForDeploymentPostprocessing = 0;
		};
		790077D61C28221700596D5F /* Sources */ = {
			isa = PBXSourcesBuildPhase;
			buildActionMask = 2147483647;
			files = (
				790077E11C28221700596D5F /* scscsTests.m in Sources */,
			);
			runOnlyForDeploymentPostprocessing = 0;
		};
/* End PBXSourcesBuildPhase section */

/* Begin PBXTargetDependency section */
		790077DC1C28221700596D5F /* PBXTargetDependency */ = {
			isa = PBXTargetDependency;
			target = 790077C61C28221700596D5F /* scscs */;
			targetProxy = 790077DB1C28221700596D5F /* PBXContainerItemProxy */;
		};
/* End PBXTargetDependency section */

/* Begin PBXVariantGroup section */
		790077D31C28221700596D5F /* LaunchScreen.xib */ = {
			isa = PBXVariantGroup;
			children = (
				790077D41C28221700596D5F /* Base */,
			);
			name = LaunchScreen.xib;
			sourceTree = "<group>";
		};
/* End PBXVariantGroup section */

/* Begin XCBuildConfiguration section */
		790077E21C28221700596D5F /* Debug */ = {
			isa = XCBuildConfiguration;
			buildSettings = {
				ALWAYS_SEARCH_USER_PATHS = NO;
				CLANG_CXX_LANGUAGE_STANDARD = "gnu++0x";
				CLANG_CXX_LIBRARY = "libc++";
				CLANG_ENABLE_MODULES = YES;
				CLANG_ENABLE_OBJC_ARC = YES;
				CLANG_WARN_BOOL_CONVERSION = YES;
				CLANG_WARN_CONSTANT_CONVERSION = YES;
				CLANG_WARN_DIRECT_OBJC_ISA_USAGE = YES_ERROR;
				CLANG_WARN_EMPTY_BODY = YES;
				CLANG_WARN_ENUM_CONVERSION = YES;
				CLANG_WARN_INT_CONVERSION = YES;
				CLANG_WARN_OBJC_ROOT_CLASS = YES_ERROR;
				CLANG_WARN_UNREACHABLE_CODE = YES;
				CLANG_WARN__DUPLICATE_METHOD_MATCH = YES;
				"CODE_SIGN_IDENTITY[sdk=iphoneos*]" = "iPhone Developer";
				COPY_PHASE_STRIP = NO;
				DEBUG_INFORMATION_FORMAT = "dwarf-with-dsym";
				ENABLE_STRICT_OBJC_MSGSEND = YES;
				GCC_C_LANGUAGE_STANDARD = gnu99;
				GCC_DYNAMIC_NO_PIC = NO;
				GCC_NO_COMMON_BLOCKS = YES;
				GCC_OPTIMIZATION_LEVEL = 0;
				GCC_PREPROCESSOR_DEFINITIONS = (
					"DEBUG=1",
					"$(inherited)",
				);
				GCC_SYMBOLS_PRIVATE_EXTERN = NO;
				GCC_WARN_64_TO_32_BIT_CONVERSION = YES;
				GCC_WARN_ABOUT_RETURN_TYPE = YES_ERROR;
				GCC_WARN_UNDECLARED_SELECTOR = YES;
				GCC_WARN_UNINITIALIZED_AUTOS = YES_AGGRESSIVE;
				GCC_WARN_UNUSED_FUNCTION = YES;
				GCC_WARN_UNUSED_VARIABLE = YES;
				IPHONEOS_DEPLOYMENT_TARGET = 8.3;
				MTL_ENABLE_DEBUG_INFO = YES;
				ONLY_ACTIVE_ARCH = YES;
				SDKROOT = iphoneos;
			};
			name = Debug;
		};
		790077E31C28221700596D5F /* Release */ = {
			isa = XCBuildConfiguration;
			buildSettings = {
				ALWAYS_SEARCH_USER_PATHS = NO;
				CLANG_CXX_LANGUAGE_STANDARD = "gnu++0x";
				CLANG_CXX_LIBRARY = "libc++";
				CLANG_ENABLE_MODULES = YES;
				CLANG_ENABLE_OBJC_ARC = YES;
				CLANG_WARN_BOOL_CONVERSION = YES;
				CLANG_WARN_CONSTANT_CONVERSION = YES;
				CLANG_WARN_DIRECT_OBJC_ISA_USAGE = YES_ERROR;
				CLANG_WARN_EMPTY_BODY = YES;
				CLANG_WARN_ENUM_CONVERSION = YES;
				CLANG_WARN_INT_CONVERSION = YES;
				CLANG_WARN_OBJC_ROOT_CLASS = YES_ERROR;
				CLANG_WARN_UNREACHABLE_CODE = YES;
				CLANG_WARN__DUPLICATE_METHOD_MATCH = YES;
				"CODE_SIGN_IDENTITY[sdk=iphoneos*]" = "iPhone Developer";
				COPY_PHASE_STRIP = NO;
				DEBUG_INFORMATION_FORMAT = "dwarf-with-dsym";
				ENABLE_NS_ASSERTIONS = NO;
				ENABLE_STRICT_OBJC_MSGSEND = YES;
				GCC_C_LANGUAGE_STANDARD = gnu99;
				GCC_NO_COMMON_BLOCKS = YES;
				GCC_WARN_64_TO_32_BIT_CONVERSION = YES;
				GCC_WARN_ABOUT_RETURN_TYPE = YES_ERROR;
				GCC_WARN_UNDECLARED_SELECTOR = YES;
				GCC_WARN_UNINITIALIZED_AUTOS = YES_AGGRESSIVE;
				GCC_WARN_UNUSED_FUNCTION = YES;
				GCC_WARN_UNUSED_VARIABLE = YES;
				IPHONEOS_DEPLOYMENT_TARGET = 8.3;
				MTL_ENABLE_DEBUG_INFO = NO;
				SDKROOT = iphoneos;
				VALIDATE_PRODUCT = YES;
			};
			name = Release;
		};
		790077E51C28221700596D5F /* Debug */ = {
			isa = XCBuildConfiguration;
			buildSettings = {
				ASSETCATALOG_COMPILER_APPICON_NAME = AppIcon;
				INFOPLIST_FILE = scscs/Info.plist;
				LD_RUNPATH_SEARCH_PATHS = "$(inherited) @executable_path/Frameworks";
				PRODUCT_NAME = "$(TARGET_NAME)";
			};
			name = Debug;
		};
		790077E61C28221700596D5F /* Release */ = {
			isa = XCBuildConfiguration;
			buildSettings = {
				ASSETCATALOG_COMPILER_APPICON_NAME = AppIcon;
				INFOPLIST_FILE = scscs/Info.plist;
				LD_RUNPATH_SEARCH_PATHS = "$(inherited) @executable_path/Frameworks";
				PRODUCT_NAME = "$(TARGET_NAME)";
			};
			name = Release;
		};
		790077E81C28221700596D5F /* Debug */ = {
			isa = XCBuildConfiguration;
			buildSettings = {
				BUNDLE_LOADER = "$(TEST_HOST)";
				FRAMEWORK_SEARCH_PATHS = (
					"$(SDKROOT)/Developer/Library/Frameworks",
					"$(inherited)",
				);
				GCC_PREPROCESSOR_DEFINITIONS = (
					"DEBUG=1",
					"$(inherited)",
				);
				INFOPLIST_FILE = scscsTests/Info.plist;
				LD_RUNPATH_SEARCH_PATHS = "$(inherited) @executable_path/Frameworks @loader_path/Frameworks";
				PRODUCT_NAME = "$(TARGET_NAME)";
				TEST_HOST = "$(BUILT_PRODUCTS_DIR)/scscs.app/scscs";
			};
			name = Debug;
		};
		790077E91C28221700596D5F /* Release */ = {
			isa = XCBuildConfiguration;
			buildSettings = {
				BUNDLE_LOADER = "$(TEST_HOST)";
				FRAMEWORK_SEARCH_PATHS = (
					"$(SDKROOT)/Developer/Library/Frameworks",
					"$(inherited)",
				);
				INFOPLIST_FILE = scscsTests/Info.plist;
				LD_RUNPATH_SEARCH_PATHS = "$(inherited) @executable_path/Frameworks @loader_path/Frameworks";
				PRODUCT_NAME = "$(TARGET_NAME)";
				TEST_HOST = "$(BUILT_PRODUCTS_DIR)/scscs.app/scscs";
			};
			name = Release;
		};
/* End XCBuildConfiguration section */

/* Begin XCConfigurationList section */
		790077C21C28221700596D5F /* Build configuration list for PBXProject "scscs" */ = {
			isa = XCConfigurationList;
			buildConfigurations = (
				790077E21C28221700596D5F /* Debug */,
				790077E31C28221700596D5F /* Release */,
			);
			defaultConfigurationIsVisible = 0;
			defaultConfigurationName = Release;
		};
		790077E41C28221700596D5F /* Build configuration list for PBXNativeTarget "scscs" */ = {
			isa = XCConfigurationList;
			buildConfigurations = (
				790077E51C28221700596D5F /* Debug */,
				790077E61C28221700596D5F /* Release */,
			);
			defaultConfigurationIsVisible = 0;
		};
		790077E71C28221700596D5F /* Build configuration list for PBXNativeTarget "scscsTests" */ = {
			isa = XCConfigurationList;
			buildConfigurations = (
				790077E81C28221700596D5F /* Debug */,
				790077E91C28221700596D5F /* Release */,
			);
			defaultConfigurationIsVisible = 0;
		};
/* End XCConfigurationList section */
	};
	rootObject = 790077BF1C28221700596D5F /* Project object */;
}
